{
  "name": "https-github.com-bilaleahmed62-mojou-ai-pilot",
  "lockfileVersion": 3,
  "requires": true,
  "packages": {
    "": {
      "dependencies": {
        "@abdulrysr/saudi-riyal-new-symbol-font": "^1.0.8"
      }
    },
    "node_modules/@abdulrysr/saudi-riyal-new-symbol-font": {
      "version": "1.0.8",
      "resolved": "https://registry.npmjs.org/@abdulrysr/saudi-riyal-new-symbol-font/-/saudi-riyal-new-symbol-font-1.0.8.tgz",
      "integrity": "sha512-9Pnpg1jI3gBj7Us8zwnk/dFLXOucoiPAzrsDfpdF9J66TsHxbmsrGQpBLGGamCiouky0FTjywsMCe/QsiYt4nQ==",
      "license": "MIT"
    }
  }
}
